// !$*UTF8*$!
{
	archiveVersion = 1;
	classes = {
	};
	objectVersion = 46;
	objects = {

/* Begin PBXBuildFile section */
		08BB73C71B5E70420059CF3E /* main.swift in Sources */ = {isa = PBXBuildFile; fileRef = 08BB73C61B5E70420059CF3E /* main.swift */; };
/* End PBXBuildFile section */

/* Begin PBXCopyFilesBuildPhase section */
		08BB73C11B5E70420059CF3E /* CopyFiles */ = {
			isa = PBXCopyFilesBuildPhase;
			buildActionMask = 2147483647;
			dstPath = /usr/share/man/man1/;
			dstSubfolderSpec = 0;
			files = (
			);
			runOnlyForDeploymentPostprocessing = 1;
		};
/* End PBXCopyFilesBuildPhase section */

/* Begin PBXFileReference section */
		08BB73C31B5E70420059CF3E /* DNSCache */ = {isa = PBXFileReference; explicitFileType = "compiled.mach-o.executable"; includeInIndex = 0; path = DNSCache; sourceTree = BUILT_PRODUCTS_DIR; };
		08BB73C61B5E70420059CF3E /* main.swift */ = {isa = PBXFileReference; lastKnownFileType = sourcecode.swift; path = main.swift; sourceTree = "<group>"; };
		08BB73D01B5E72BE0059CF3E /* dnscache */ = {isa = PBXFileReference; lastKnownFileType = folder; path = dnscache; sourceTree = "<group>"; };
		08BB73D11B5E73010059CF3E /* cache */ = {isa = PBXFileReference; lastKnownFileType = folder; path = cache; sourceTree = "<group>"; };
		08BB73D21B5E73010059CF3E /* httpdns */ = {isa = PBXFileReference; lastKnownFileType = folder; path = httpdns; sourceTree = "<group>"; };
		08BB73D31B5E73010059CF3E /* model */ = {isa = PBXFileReference; lastKnownFileType = folder; path = model; sourceTree = "<group>"; };
		08BB73D41B5E73010059CF3E /* query */ = {isa = PBXFileReference; lastKnownFileType = folder; path = query; sourceTree = "<group>"; };
		08BB73D51B5E73010059CF3E /* score */ = {isa = PBXFileReference; lastKnownFileType = folder; path = score; sourceTree = "<group>"; };
		08BB73D61B5E73010059CF3E /* speedtest */ = {isa = PBXFileReference; lastKnownFileType = folder; path = speedtest; sourceTree = "<group>"; };
/* End PBXFileReference section */

/* Begin PBXFrameworksBuildPhase section */
		08BB73C01B5E70420059CF3E /* Frameworks */ = {
			isa = PBXFrameworksBuildPhase;
			buildActionMask = 2147483647;
			files = (
			);
			runOnlyForDeploymentPostprocessing = 0;
		};
/* End PBXFrameworksBuildPhase section */

/* Begin PBXGroup section */
		08BB73BA1B5E70420059CF3E = {
			isa = PBXGroup;
			children = (
				08BB73C51B5E70420059CF3E /* DNSCache */,
				08BB73C41B5E70420059CF3E /* Products */,
			);
			sourceTree = "<group>";
		};
		08BB73C41B5E70420059CF3E /* Products */ = {
			isa = PBXGroup;
			children = (
				08BB73C31B5E70420059CF3E /* DNSCache */,
			);
			name = Products;
			sourceTree = "<group>";
		};
		08BB73C51B5E70420059CF3E /* DNSCache */ = {
			isa = PBXGroup;
			children = (
				08BB73D11B5E73010059CF3E /* cache */,
				08BB73D21B5E73010059CF3E /* httpdns */,
				08BB73D31B5E73010059CF3E /* model */,
				08BB73D41B5E73010059CF3E /* query */,
				08BB73D51B5E73010059CF3E /* score */,
				08BB73D61B5E73010059CF3E /* speedtest */,
				08BB73D01B5E72BE0059CF3E /* dnscache */,
				08BB73C61B5E70420059CF3E /* main.swift */,
			);
			path = DNSCache;
			sourceTree = "<group>";
		};
/* End PBXGroup section */

/* Begin PBXNativeTarget section */
		08BB73C21B5E70420059CF3E /* DNSCache */ = {
			isa = PBXNativeTarget;
			buildConfigurationList = 08BB73CA1B5E70420059CF3E /* Build configuration list for PBXNativeTarget "DNSCache" */;
			buildPhases = (
				08BB73BF1B5E70420059CF3E /* Sources */,
				08BB73C01B5E70420059CF3E /* Frameworks */,
				08BB73C11B5E70420059CF3E /* CopyFiles */,
			);
			buildRules = (
			);
			dependencies = (
			);
			name = DNSCache;
			productName = DNSCache;
			productReference = 08BB73C31B5E70420059CF3E /* DNSCache */;
			productType = "com.apple.product-type.tool";
		};
/* End PBXNativeTarget section */

/* Begin PBXProject section */
		08BB73BB1B5E70420059CF3E /* Project object */ = {
			isa = PBXProject;
			attributes = {
				LastUpgradeCheck = 0640;
				ORGANIZATIONNAME = sina;
				TargetAttributes = {
					08BB73C21B5E70420059CF3E = {
						CreatedOnToolsVersion = 6.4;
					};
				};
			};
			buildConfigurationList = 08BB73BE1B5E70420059CF3E /* Build configuration list for PBXProject "DNSCache" */;
			compatibilityVersion = "Xcode 3.2";
			developmentRegion = English;
			hasScannedForEncodings = 0;
			knownRegions = (
				en,
			);
			mainGroup = 08BB73BA1B5E70420059CF3E;
			productRefGroup = 08BB73C41B5E70420059CF3E /* Products */;
			projectDirPath = "";
			projectRoot = "";
			targets = (
				08BB73C21B5E70420059CF3E /* DNSCache */,
			);
		};
/* End PBXProject section */

/* Begin PBXSourcesBuildPhase section */
		08BB73BF1B5E70420059CF3E /* Sources */ = {
			isa = PBXSourcesBuildPhase;
			buildActionMask = 2147483647;
			files = (
				08BB73C71B5E70420059CF3E /* main.swift in Sources */,
			);
			runOnlyForDeploymentPostprocessing = 0;
		};
/* End PBXSourcesBuildPhase section */

/* Begin XCBuildConfiguration section */
		08BB73C81B5E70420059CF3E /* Debug */ = {
			isa = XCBuildConfiguration;
			buildSettings = {
				ALWAYS_SEARCH_USER_PATHS = NO;
				CLANG_CXX_LANGUAGE_STANDARD = "gnu++0x";
				CLANG_CXX_LIBRARY = "libc++";
				CLANG_ENABLE_MODULES = YES;
				CLANG_ENABLE_OBJC_ARC = YES;
				CLANG_WARN_BOOL_CONVERSION = YES;
				CLANG_WARN_CONSTANT_CONVERSION = YES;
				CLANG_WARN_DIRECT_OBJC_ISA_USAGE = YES_ERROR;
				CLANG_WARN_EMPTY_BODY = YES;
				CLANG_WARN_ENUM_CONVERSION = YES;
				CLANG_WARN_INT_CONVERSION = YES;
				CLANG_WARN_OBJC_ROOT_CLASS = YES_ERROR;
				CLANG_WARN_UNREACHABLE_CODE = YES;
				CLANG_WARN__DUPLICATE_METHOD_MATCH = YES;
				COPY_PHASE_STRIP = NO;
				DEBUG_INFORMATION_FORMAT = dwarf;
				ENABLE_STRICT_OBJC_MSGSEND = YES;
				GCC_C_LANGUAGE_STANDARD = gnu99;
				GCC_DYNAMIC_NO_PIC = NO;
				GCC_NO_COMMON_BLOCKS = YES;
				GCC_OPTIMIZATION_LEVEL = 0;
				GCC_PREPROCESSOR_DEFINITIONS = (
					"DEBUG=1",
					"$(inherited)",
				);
				GCC_SYMBOLS_PRIVATE_EXTERN = NO;
				GCC_WARN_64_TO_32_BIT_CONVERSION = YES;
				GCC_WARN_ABOUT_RETURN_TYPE = YES_ERROR;
				GCC_WARN_UNDECLARED_SELECTOR = YES;
				GCC_WARN_UNINITIALIZED_AUTOS = YES_AGGRESSIVE;
				GCC_WARN_UNUSED_FUNCTION = YES;
				GCC_WARN_UNUSED_VARIABLE = YES;
				MACOSX_DEPLOYMENT_TARGET = 10.10;
				MTL_ENABLE_DEBUG_INFO = YES;
				ONLY_ACTIVE_ARCH = YES;
				SDKROOT = macosx;
				SWIFT_OPTIMIZATION_LEVEL = "-Onone";
			};
			name = Debug;
		};
		08BB73C91B5E70420059CF3E /* Release */ = {
			isa = XCBuildConfiguration;
			buildSettings = {
				ALWAYS_SEARCH_USER_PATHS = NO;
				CLANG_CXX_LANGUAGE_STANDARD = "gnu++0x";
				CLANG_CXX_LIBRARY = "libc++";
				CLANG_ENABLE_MODULES = YES;
				CLANG_ENABLE_OBJC_ARC = YES;
				CLANG_WARN_BOOL_CONVERSION = YES;
				CLANG_WARN_CONSTANT_CONVERSION = YES;
				CLANG_WARN_DIRECT_OBJC_ISA_USAGE = YES_ERROR;
				CLANG_WARN_EMPTY_BODY = YES;
				CLANG_WARN_ENUM_CONVERSION = YES;
				CLANG_WARN_INT_CONVERSION = YES;
				CLANG_WARN_OBJC_ROOT_CLASS = YES_ERROR;
				CLANG_WARN_UNREACHABLE_CODE = YES;
				CLANG_WARN__DUPLICATE_METHOD_MATCH = YES;
				COPY_PHASE_STRIP = NO;
				DEBUG_INFORMATION_FORMAT = "dwarf-with-dsym";
				ENABLE_NS_ASSERTIONS = NO;
				ENABLE_STRICT_OBJC_MSGSEND = YES;
				GCC_C_LANGUAGE_STANDARD = gnu99;
				GCC_NO_COMMON_BLOCKS = YES;
				GCC_WARN_64_TO_32_BIT_CONVERSION = YES;
				GCC_WARN_ABOUT_RETURN_TYPE = YES_ERROR;
				GCC_WARN_UNDECLARED_SELECTOR = YES;
				GCC_WARN_UNINITIALIZED_AUTOS = YES_AGGRESSIVE;
				GCC_WARN_UNUSED_FUNCTION = YES;
				GCC_WARN_UNUSED_VARIABLE = YES;
				MACOSX_DEPLOYMENT_TARGET = 10.10;
				MTL_ENABLE_DEBUG_INFO = NO;
				SDKROOT = macosx;
			};
			name = Release;
		};
		08BB73CB1B5E70420059CF3E /* Debug */ = {
			isa = XCBuildConfiguration;
			buildSettings = {
				PRODUCT_NAME = "$(TARGET_NAME)";
			};
			name = Debug;
		};
		08BB73CC1B5E70420059CF3E /* Release */ = {
			isa = XCBuildConfiguration;
			buildSettings = {
				PRODUCT_NAME = "$(TARGET_NAME)";
			};
			name = Release;
		};
/* End XCBuildConfiguration section */

/* Begin XCConfigurationList section */
		08BB73BE1B5E70420059CF3E /* Build configuration list for PBXProject "DNSCache" */ = {
			isa = XCConfigurationList;
			buildConfigurations = (
				08BB73C81B5E70420059CF3E /* Debug */,
				08BB73C91B5E70420059CF3E /* Release */,
			);
			defaultConfigurationIsVisible = 0;
			defaultConfigurationName = Release;
		};
		08BB73CA1B5E70420059CF3E /* Build configuration list for PBXNativeTarget "DNSCache" */ = {
			isa = XCConfigurationList;
			buildConfigurations = (
				08BB73CB1B5E70420059CF3E /* Debug */,
				08BB73CC1B5E70420059CF3E /* Release */,
			);
			defaultConfigurationIsVisible = 0;
		};
/* End XCConfigurationList section */
	};
	rootObject = 08BB73BB1B5E70420059CF3E /* Project object */;
}
